{
  "name": "trace",
  "version": "1.0.0",
  "lockfileVersion": 2,
  "requires": true,
  "packages": {
    "": {
      "name": "trace",
      "version": "1.0.0",
      "license": "ISC",
      "dependencies": {
        "axios": "^0.25.0",
        "commander": "^8.3.0",
        "country-list": "^2.2.0",
        "is-valid-domain": "^0.1.5",
        "isipaddress": "^0.0.2",
        "nodejs-traceroute": "^0.1.1"
      }
    },
    "node_modules/axios": {
      "version": "0.25.0",
      "resolved": "https://registry.npmjs.org/axios/-/axios-0.25.0.tgz",
      "integrity": "sha512-cD8FOb0tRH3uuEe6+evtAbgJtfxr7ly3fQjYcMcuPlgkwVS9xboaVIpcDV+cYQe+yGykgwZCs1pzjntcGa6l5g==",
      "dependencies": {
        "follow-redirects": "^1.14.7"
      }
    },
    "node_modules/commander": {
      "version": "8.3.0",
      "resolved": "https://registry.npmjs.org/commander/-/commander-8.3.0.tgz",
      "integrity": "sha512-OkTL9umf+He2DZkUq8f8J9of7yL6RJKI24dVITBmNfZBmri9zYZQrKkuXiKhyfPSu8tUhnVBB1iKXevvnlR4Ww==",
      "engines": {
        "node": ">= 12"
      }
    },
    "node_modules/country-list": {
      "version": "2.2.0",
      "resolved": "https://registry.npmjs.org/country-list/-/country-list-2.2.0.tgz",
      "integrity": "sha512-AS21pllCp72LmUztqXPVKXK3TRyap1XlohGLqN04cXH2rFB9vo7SnH5sMnqltZPnu9ie/x1se3UuCZJbGXErfw=="
    },
    "node_modules/follow-redirects": {
      "version": "1.14.7",
      "resolved": "https://registry.npmjs.org/follow-redirects/-/follow-redirects-1.14.7.tgz",
      "integrity": "sha512-+hbxoLbFMbRKDwohX8GkTataGqO6Jb7jGwpAlwgy2bIz25XtRm7KEzJM76R1WiNT5SwZkX4Y75SwBolkpmE7iQ==",
      "funding": [
        {
          "type": "individual",
          "url": "https://github.com/sponsors/RubenVerborgh"
        }
      ],
      "engines": {
        "node": ">=4.0"
      },
      "peerDependenciesMeta": {
        "debug": {
          "optional": true
        }
      }
    },
    "node_modules/is-valid-domain": {
      "version": "0.1.5",
      "resolved": "https://registry.npmjs.org/is-valid-domain/-/is-valid-domain-0.1.5.tgz",
      "integrity": "sha512-ilzfGo1kXzoVpSLplJWOexoiuAc6mRK+vPlNAeEPVJ29RagETpCz0izg6CZfY72DCuA+PCrEAEJeaecRLMNq5Q==",
      "dependencies": {
        "punycode": "^2.1.1"
      }
    },
    "node_modules/isipaddress": {
      "version": "0.0.2",
      "resolved": "https://registry.npmjs.org/isipaddress/-/isipaddress-0.0.2.tgz",
      "integrity": "sha1-qeRIRlEGrwHmCFHPI146wwEUUNM="
    },
    "node_modules/nodejs-traceroute": {
      "version": "0.1.1",
      "resolved": "https://registry.npmjs.org/nodejs-traceroute/-/nodejs-traceroute-0.1.1.tgz",
      "integrity": "sha1-Wei7ZNjybHxPMHcHMYOdMsUdaX4="
    },
    "node_modules/punycode": {
      "version": "2.1.1",
      "resolved": "https://registry.npmjs.org/punycode/-/punycode-2.1.1.tgz",
      "integrity": "sha512-XRsRjdf+j5ml+y/6GKHPZbrF/8p2Yga0JPtdqTIY2Xe5ohJPD9saDJJLPvp9+NSBprVvevdXZybnj2cv8OEd0A==",
      "engines": {
        "node": ">=6"
      }
    }
  },
  "dependencies": {
    "axios": {
      "version": "0.25.0",
      "resolved": "https://registry.npmjs.org/axios/-/axios-0.25.0.tgz",
      "integrity": "sha512-cD8FOb0tRH3uuEe6+evtAbgJtfxr7ly3fQjYcMcuPlgkwVS9xboaVIpcDV+cYQe+yGykgwZCs1pzjntcGa6l5g==",
      "requires": {
        "follow-redirects": "^1.14.7"
      }
    },
    "commander": {
      "version": "8.3.0",
      "resolved": "https://registry.npmjs.org/commander/-/commander-8.3.0.tgz",
      "integrity": "sha512-OkTL9umf+He2DZkUq8f8J9of7yL6RJKI24dVITBmNfZBmri9zYZQrKkuXiKhyfPSu8tUhnVBB1iKXevvnlR4Ww=="
    },
    "country-list": {
      "version": "2.2.0",
      "resolved": "https://registry.npmjs.org/country-list/-/country-list-2.2.0.tgz",
      "integrity": "sha512-AS21pllCp72LmUztqXPVKXK3TRyap1XlohGLqN04cXH2rFB9vo7SnH5sMnqltZPnu9ie/x1se3UuCZJbGXErfw=="
    },
    "follow-redirects": {
      "version": "1.14.7",
      "resolved": "https://registry.npmjs.org/follow-redirects/-/follow-redirects-1.14.7.tgz",
      "integrity": "sha512-+hbxoLbFMbRKDwohX8GkTataGqO6Jb7jGwpAlwgy2bIz25XtRm7KEzJM76R1WiNT5SwZkX4Y75SwBolkpmE7iQ=="
    },
    "is-valid-domain": {
      "version": "0.1.5",
      "resolved": "https://registry.npmjs.org/is-valid-domain/-/is-valid-domain-0.1.5.tgz",
      "integrity": "sha512-ilzfGo1kXzoVpSLplJWOexoiuAc6mRK+vPlNAeEPVJ29RagETpCz0izg6CZfY72DCuA+PCrEAEJeaecRLMNq5Q==",
      "requires": {
        "punycode": "^2.1.1"
      }
    },
    "isipaddress": {
      "version": "0.0.2",
      "resolved": "https://registry.npmjs.org/isipaddress/-/isipaddress-0.0.2.tgz",
      "integrity": "sha1-qeRIRlEGrwHmCFHPI146wwEUUNM="
    },
    "nodejs-traceroute": {
      "version": "0.1.1",
      "resolved": "https://registry.npmjs.org/nodejs-traceroute/-/nodejs-traceroute-0.1.1.tgz",
      "integrity": "sha1-Wei7ZNjybHxPMHcHMYOdMsUdaX4="
    },
    "punycode": {
      "version": "2.1.1",
      "resolved": "https://registry.npmjs.org/punycode/-/punycode-2.1.1.tgz",
      "integrity": "sha512-XRsRjdf+j5ml+y/6GKHPZbrF/8p2Yga0JPtdqTIY2Xe5ohJPD9saDJJLPvp9+NSBprVvevdXZybnj2cv8OEd0A=="
    }
  }
}
